
Microsoft Visual Studio Solution File, Format Version 12.00
# Visual Studio Version 17
VisualStudioVersion = 17.11.35431.28
MinimumVisualStudioVersion = 10.0.40219.1
Project("{FAE04EC0-301F-11D3-BF4B-00C04F79EFBC}") = "3935_Registo_Clientes", "3935_Registo_Clientes.csproj", "{11741F82-DC9F-46FB-A503-D2C403CAB2B5}"
EndProject
Global
	GlobalSection(SolutionConfigurationPlatforms) = preSolution
		Debug|Any CPU = Debug|Any CPU
		Release|Any CPU = Release|Any CPU
	EndGlobalSection
	GlobalSection(ProjectConfigurationPlatforms) = postSolution
		{11741F82-DC9F-46FB-A503-D2C403CAB2B5}.Debug|Any CPU.ActiveCfg = Debug|Any CPU
		{11741F82-DC9F-46FB-A503-D2C403CAB2B5}.Debug|Any CPU.Build.0 = Debug|Any CPU
		{11741F82-DC9F-46FB-A503-D2C403CAB2B5}.Release|Any CPU.ActiveCfg = Release|Any CPU
		{11741F82-DC9F-46FB-A503-D2C403CAB2B5}.Release|Any CPU.Build.0 = Release|Any CPU
	EndGlobalSection
	GlobalSection(SolutionProperties) = preSolution
		HideSolutionNode = FALSE
	EndGlobalSection
	GlobalSection(ExtensibilityGlobals) = postSolution
		SolutionGuid = {89C178A2-1AB7-411D-A1A7-92BECE54BDF7}
	EndGlobalSection
EndGlobal
